speakeasyVersion: 1.736.3
sources:
    latest:
        sourceNamespace: php-dev
        sourceRevisionDigest: sha256:cc04f6030725aa1169d95258bfeddf2a309454c100d8d031bbdb27042bd71614
        sourceBlobDigest: sha256:4f2579722ed213075276f66e8755e65c432b52af6c72d28ed515a777c0da7696
        tags:
            - latest
            - dev
targets:
    latest:
        source: latest
        sourceNamespace: php-dev
        sourceRevisionDigest: sha256:cc04f6030725aa1169d95258bfeddf2a309454c100d8d031bbdb27042bd71614
        sourceBlobDigest: sha256:4f2579722ed213075276f66e8755e65c432b52af6c72d28ed515a777c0da7696
        codeSamplesNamespace: dev-php-code-samples
        codeSamplesRevisionDigest: sha256:35ff687fdc067921142e201e5de77cf7b4f30ade81b2126df405144afcc7ad5a
workflow:
    workflowVersion: 1.0.0
    speakeasyVersion: latest
    sources:
        latest:
            inputs:
                - location: registry.speakeasyapi.dev/moov/moov/api-dev
            overlays:
                - location: .speakeasy/speakeasy-modifications-overlay.yaml
            registry:
                location: registry.speakeasyapi.dev/moov/moov/php-dev
    targets:
        latest:
            target: php
            source: latest
            publish:
                packagist:
                    username: moov
                    token: $packagist_token
            codeSamples:
                registry:
                    location: registry.speakeasyapi.dev/moov/moov/dev-php-code-samples
                labelOverride:
                    fixedValue: Php (SDK)
                blocking: false
