speakeasyVersion: 1.648.0
sources:
    latest:
        sourceNamespace: latest
        sourceRevisionDigest: sha256:7a78c68d3e9fe9abe01bb0cfa6b3ad6e5e864c2bd0070cbd392052a3abecd316
        sourceBlobDigest: sha256:f1de48fed67f7e6b235e3aaf7f7dec8e20c35a362c9547c431a4919218c77f3f
        tags:
            - latest
            - speakeasy-sdk-regen-1762215543
            - latest
targets:
    latest:
        source: latest
        sourceNamespace: latest
        sourceRevisionDigest: sha256:7a78c68d3e9fe9abe01bb0cfa6b3ad6e5e864c2bd0070cbd392052a3abecd316
        sourceBlobDigest: sha256:f1de48fed67f7e6b235e3aaf7f7dec8e20c35a362c9547c431a4919218c77f3f
        codeSamplesNamespace: latest-php-code-samples
        codeSamplesRevisionDigest: sha256:fa5640a3d9b3b294e2d6a9d19efae1fd873d1f6b8eb35cc996d5ebc928940125
workflow:
    workflowVersion: 1.0.0
    speakeasyVersion: latest
    sources:
        latest:
            inputs:
                - location: registry.speakeasyapi.dev/moov/moov/api-latest
            overlays:
                - location: .speakeasy/speakeasy-modifications-overlay.yaml
            registry:
                location: registry.speakeasyapi.dev/moov/moov/latest
    targets:
        latest:
            target: php
            source: latest
            publish:
                packagist:
                    username: moov
                    token: $packagist_token
            codeSamples:
                registry:
                    location: registry.speakeasyapi.dev/moov/moov/latest-php-code-samples
                labelOverride:
                    fixedValue: Php (SDK)
                blocking: false
