speakeasyVersion: 1.791.0
sources:
    latest:
        sourceNamespace: php-dev
        sourceRevisionDigest: sha256:75406616b2c39eb3323ab93e5d642399552cb2633d5c98be32d1bbbc31ccc9fc
        sourceBlobDigest: sha256:f59f2e16774ad04029afe628ded800d9622ffc2004faad7a241e24eab2653da4
        tags:
            - latest
            - dev
targets:
    latest:
        source: latest
        sourceNamespace: php-dev
        sourceRevisionDigest: sha256:75406616b2c39eb3323ab93e5d642399552cb2633d5c98be32d1bbbc31ccc9fc
        sourceBlobDigest: sha256:f59f2e16774ad04029afe628ded800d9622ffc2004faad7a241e24eab2653da4
        codeSamplesNamespace: dev-php-code-samples
        codeSamplesRevisionDigest: sha256:bca3a05e73d9e301fea9f7ac1fff807ddeb339a7e7daf207c0167b194974bbb2
workflow:
    workflowVersion: 1.0.0
    speakeasyVersion: latest
    sources:
        latest:
            inputs:
                - location: registry.speakeasyapi.dev/moov/moov/api-dev
            overlays:
                - location: .speakeasy/speakeasy-modifications-overlay.yaml
            registry:
                location: registry.speakeasyapi.dev/moov/moov/php-dev
    targets:
        latest:
            target: php
            source: latest
            publish:
                packagist:
                    username: moov
                    token: $packagist_token
            codeSamples:
                registry:
                    location: registry.speakeasyapi.dev/moov/moov/dev-php-code-samples
                labelOverride:
                    fixedValue: Php (SDK)
                blocking: false
